{
  "name": "4",
  "version": "1.0.0",
  "lockfileVersion": 1,
  "requires": true,
  "dependencies": {
    "2019611test": {
      "version": "1.0.2",
      "resolved": "https://registry.npmjs.org/2019611test/-/2019611test-1.0.2.tgz",
      "integrity": "sha512-V7JMJ5eE9rw86Yt1MEEaf9LA8UHwXKkmGSiQ1Lp+yOHw6wX3YYPEXV/zYTH1c2IOsc9OxPgaMEdZW62i74adlA==",
      "dev": true
    }
  }
}
